
Microsoft Visual Studio Solution File, Format Version 12.00
# Visual Studio Version 16
VisualStudioVersion = 25.0.1700.0
MinimumVisualStudioVersion = 10.0.40219.1
Project("{FAE04EC0-301F-11D3-BF4B-00C04F79EFBC}") = "RobotVacuumCleanerApp", "RobotVacuumCleanerApp\RobotVacuumCleanerApp.csproj", "{ADEBE583-E952-46B4-BBA2-B5611A1A48C4}"
EndProject
Project("{FAE04EC0-301F-11D3-BF4B-00C04F79EFBC}") = "RobotVacuumCleanerApp.UnitTest", "RobotVacuumCleanerApp.UnitTest\RobotVacuumCleanerApp.UnitTest.csproj", "{BF7FE89F-1725-4864-8E74-F64288335DD0}"
EndProject
Global
	GlobalSection(SolutionConfigurationPlatforms) = preSolution
		Debug|Any CPU = Debug|Any CPU
		Release|Any CPU = Release|Any CPU
	EndGlobalSection
	GlobalSection(ProjectConfigurationPlatforms) = postSolution
		{ADEBE583-E952-46B4-BBA2-B5611A1A48C4}.Debug|Any CPU.ActiveCfg = Debug|Any CPU
		{ADEBE583-E952-46B4-BBA2-B5611A1A48C4}.Debug|Any CPU.Build.0 = Debug|Any CPU
		{ADEBE583-E952-46B4-BBA2-B5611A1A48C4}.Release|Any CPU.ActiveCfg = Release|Any CPU
		{ADEBE583-E952-46B4-BBA2-B5611A1A48C4}.Release|Any CPU.Build.0 = Release|Any CPU
		{BF7FE89F-1725-4864-8E74-F64288335DD0}.Debug|Any CPU.ActiveCfg = Debug|Any CPU
		{BF7FE89F-1725-4864-8E74-F64288335DD0}.Debug|Any CPU.Build.0 = Debug|Any CPU
		{BF7FE89F-1725-4864-8E74-F64288335DD0}.Release|Any CPU.ActiveCfg = Release|Any CPU
		{BF7FE89F-1725-4864-8E74-F64288335DD0}.Release|Any CPU.Build.0 = Release|Any CPU
	EndGlobalSection
	GlobalSection(SolutionProperties) = preSolution
		HideSolutionNode = FALSE
	EndGlobalSection
	GlobalSection(ExtensibilityGlobals) = postSolution
		SolutionGuid = {BB31CAED-23BC-4961-8E32-05331E6D9A36}
	EndGlobalSection
EndGlobal
